
Microsoft Visual Studio Solution File, Format Version 12.00
# Visual Studio Version 16
VisualStudioVersion = 16.0.33529.622
MinimumVisualStudioVersion = 10.0.40219.1
Project("{FAE04EC0-301F-11D3-BF4B-00C04F79EFBC}") = "ARS", "ARS\ARS.csproj", "{4C06CC21-6247-4A23-B3E5-98F0947C5AFF}"
EndProject
Global
	GlobalSection(SolutionConfigurationPlatforms) = preSolution
		Debug|Any CPU = Debug|Any CPU
		Release|Any CPU = Release|Any CPU
	EndGlobalSection
	GlobalSection(ProjectConfigurationPlatforms) = postSolution
		{4C06CC21-6247-4A23-B3E5-98F0947C5AFF}.Debug|Any CPU.ActiveCfg = Debug|Any CPU
		{4C06CC21-6247-4A23-B3E5-98F0947C5AFF}.Debug|Any CPU.Build.0 = Debug|Any CPU
		{4C06CC21-6247-4A23-B3E5-98F0947C5AFF}.Release|Any CPU.ActiveCfg = Release|Any CPU
		{4C06CC21-6247-4A23-B3E5-98F0947C5AFF}.Release|Any CPU.Build.0 = Release|Any CPU
	EndGlobalSection
	GlobalSection(SolutionProperties) = preSolution
		HideSolutionNode = FALSE
	EndGlobalSection
	GlobalSection(ExtensibilityGlobals) = postSolution
		SolutionGuid = {EF17940F-F41A-4D52-AF32-D3A3537531E3}
	EndGlobalSection
EndGlobal
